
Microsoft Visual Studio Solution File, Format Version 12.00
# Visual Studio Version 17
VisualStudioVersion = 17.0.32112.339
MinimumVisualStudioVersion = 10.0.40219.1
Project("{9A19103F-16F7-4668-BE54-9A1E7A4F7556}") = "SpaWebApi", "SpaWebApi\SpaWebApi.csproj", "{043904AA-1410-452F-B149-C984C01D2E07}"
EndProject
Project("{9A19103F-16F7-4668-BE54-9A1E7A4F7556}") = "SpaWebApi.Test", "SpaWebApi.Test\SpaWebApi.Test.csproj", "{D3B52DF0-5779-4E07-9566-5E6AB2B5421C}"
EndProject
Project("{9A19103F-16F7-4668-BE54-9A1E7A4F7556}") = "NewVideoFunction", "NewVideoFunction\NewVideoFunction.csproj", "{406F4F7A-1EE9-4E5F-B549-B62A2B3D521D}"
EndProject
Project("{9A19103F-16F7-4668-BE54-9A1E7A4F7556}") = "BuilderFunction", "BuilderFunction\BuilderFunction.csproj", "{C00AE140-CCCA-4A3E-808E-C8542EA07DDD}"
EndProject
Project("{9A19103F-16F7-4668-BE54-9A1E7A4F7556}") = "VideoDataAccess", "VideoDataAccess\VideoDataAccess.csproj", "{7493AD1F-F665-461E-ADA2-EBA6CF51FE6D}"
EndProject
Project("{9A19103F-16F7-4668-BE54-9A1E7A4F7556}") = "SqlConfig", "SqlConfig\SqlConfig.csproj", "{383E50B1-6288-4239-B508-63ADABEC2A53}"
EndProject
Project("{9A19103F-16F7-4668-BE54-9A1E7A4F7556}") = "BuildInstructorFunction", "BuildInstructorFunction\BuildInstructorFunction.csproj", "{61326D2C-84DD-41A4-98A9-8BBE775F03F0}"
EndProject
Project("{9A19103F-16F7-4668-BE54-9A1E7A4F7556}") = "BuildInstructorFunction.Test", "BuildInstructorFunction.Test\BuildInstructorFunction.Test.csproj", "{DE0621D4-73CC-4A27-BE56-BD69769A1B26}"
EndProject
Project("{9A19103F-16F7-4668-BE54-9A1E7A4F7556}") = "BuildDataAccess", "BuildDataAccess\BuildDataAccess.csproj", "{CA2182E9-9E89-44AA-98DF-654BBC8CD261}"
EndProject
Project("{9A19103F-16F7-4668-BE54-9A1E7A4F7556}") = "BuilderEntities", "BuilderEntities\BuilderEntities.csproj", "{F0FE6D03-726F-4EB1-9E5D-C7952E2BB90B}"
EndProject
Project("{9A19103F-16F7-4668-BE54-9A1E7A4F7556}") = "BuildEntities", "BuildEntities\BuildEntities.csproj", "{A546C467-4838-454C-BC5F-2CFAD36333E1}"
EndProject
Project("{9A19103F-16F7-4668-BE54-9A1E7A4F7556}") = "BuildCleanFunction", "BuildCleanFunction\BuildCleanFunction.csproj", "{85946DDE-5F58-4649-9082-8F612026576A}"
EndProject
Project("{9A19103F-16F7-4668-BE54-9A1E7A4F7556}") = "VideoEntities", "VideoEntities\VideoEntities.csproj", "{0C205B45-D0CC-4454-96CA-0FF26764EBE7}"
EndProject
Project("{9A19103F-16F7-4668-BE54-9A1E7A4F7556}") = "CollectionDataAccess", "CollectionDataAccess\CollectionDataAccess.csproj", "{735B0C02-BFEF-4E0C-B0FB-8C06D5B57DBD}"
EndProject
Global
	GlobalSection(SolutionConfigurationPlatforms) = preSolution
		Debug|Any CPU = Debug|Any CPU
		Release|Any CPU = Release|Any CPU
	EndGlobalSection
	GlobalSection(ProjectConfigurationPlatforms) = postSolution
		{043904AA-1410-452F-B149-C984C01D2E07}.Debug|Any CPU.ActiveCfg = Debug|Any CPU
		{043904AA-1410-452F-B149-C984C01D2E07}.Debug|Any CPU.Build.0 = Debug|Any CPU
		{043904AA-1410-452F-B149-C984C01D2E07}.Release|Any CPU.ActiveCfg = Release|Any CPU
		{043904AA-1410-452F-B149-C984C01D2E07}.Release|Any CPU.Build.0 = Release|Any CPU
		{D3B52DF0-5779-4E07-9566-5E6AB2B5421C}.Debug|Any CPU.ActiveCfg = Debug|Any CPU
		{D3B52DF0-5779-4E07-9566-5E6AB2B5421C}.Debug|Any CPU.Build.0 = Debug|Any CPU
		{D3B52DF0-5779-4E07-9566-5E6AB2B5421C}.Release|Any CPU.ActiveCfg = Release|Any CPU
		{D3B52DF0-5779-4E07-9566-5E6AB2B5421C}.Release|Any CPU.Build.0 = Release|Any CPU
		{406F4F7A-1EE9-4E5F-B549-B62A2B3D521D}.Debug|Any CPU.ActiveCfg = Debug|Any CPU
		{406F4F7A-1EE9-4E5F-B549-B62A2B3D521D}.Debug|Any CPU.Build.0 = Debug|Any CPU
		{406F4F7A-1EE9-4E5F-B549-B62A2B3D521D}.Release|Any CPU.ActiveCfg = Release|Any CPU
		{406F4F7A-1EE9-4E5F-B549-B62A2B3D521D}.Release|Any CPU.Build.0 = Release|Any CPU
		{C00AE140-CCCA-4A3E-808E-C8542EA07DDD}.Debug|Any CPU.ActiveCfg = Debug|Any CPU
		{C00AE140-CCCA-4A3E-808E-C8542EA07DDD}.Debug|Any CPU.Build.0 = Debug|Any CPU
		{C00AE140-CCCA-4A3E-808E-C8542EA07DDD}.Release|Any CPU.ActiveCfg = Release|Any CPU
		{C00AE140-CCCA-4A3E-808E-C8542EA07DDD}.Release|Any CPU.Build.0 = Release|Any CPU
		{7493AD1F-F665-461E-ADA2-EBA6CF51FE6D}.Debug|Any CPU.ActiveCfg = Debug|Any CPU
		{7493AD1F-F665-461E-ADA2-EBA6CF51FE6D}.Debug|Any CPU.Build.0 = Debug|Any CPU
		{7493AD1F-F665-461E-ADA2-EBA6CF51FE6D}.Release|Any CPU.ActiveCfg = Release|Any CPU
		{7493AD1F-F665-461E-ADA2-EBA6CF51FE6D}.Release|Any CPU.Build.0 = Release|Any CPU
		{383E50B1-6288-4239-B508-63ADABEC2A53}.Debug|Any CPU.ActiveCfg = Debug|Any CPU
		{383E50B1-6288-4239-B508-63ADABEC2A53}.Debug|Any CPU.Build.0 = Debug|Any CPU
		{383E50B1-6288-4239-B508-63ADABEC2A53}.Release|Any CPU.ActiveCfg = Release|Any CPU
		{383E50B1-6288-4239-B508-63ADABEC2A53}.Release|Any CPU.Build.0 = Release|Any CPU
		{61326D2C-84DD-41A4-98A9-8BBE775F03F0}.Debug|Any CPU.ActiveCfg = Debug|Any CPU
		{61326D2C-84DD-41A4-98A9-8BBE775F03F0}.Debug|Any CPU.Build.0 = Debug|Any CPU
		{61326D2C-84DD-41A4-98A9-8BBE775F03F0}.Release|Any CPU.ActiveCfg = Release|Any CPU
		{61326D2C-84DD-41A4-98A9-8BBE775F03F0}.Release|Any CPU.Build.0 = Release|Any CPU
		{DE0621D4-73CC-4A27-BE56-BD69769A1B26}.Debug|Any CPU.ActiveCfg = Debug|Any CPU
		{DE0621D4-73CC-4A27-BE56-BD69769A1B26}.Debug|Any CPU.Build.0 = Debug|Any CPU
		{DE0621D4-73CC-4A27-BE56-BD69769A1B26}.Release|Any CPU.ActiveCfg = Release|Any CPU
		{DE0621D4-73CC-4A27-BE56-BD69769A1B26}.Release|Any CPU.Build.0 = Release|Any CPU
		{CA2182E9-9E89-44AA-98DF-654BBC8CD261}.Debug|Any CPU.ActiveCfg = Debug|Any CPU
		{CA2182E9-9E89-44AA-98DF-654BBC8CD261}.Debug|Any CPU.Build.0 = Debug|Any CPU
		{CA2182E9-9E89-44AA-98DF-654BBC8CD261}.Release|Any CPU.ActiveCfg = Release|Any CPU
		{CA2182E9-9E89-44AA-98DF-654BBC8CD261}.Release|Any CPU.Build.0 = Release|Any CPU
		{F0FE6D03-726F-4EB1-9E5D-C7952E2BB90B}.Debug|Any CPU.ActiveCfg = Debug|Any CPU
		{F0FE6D03-726F-4EB1-9E5D-C7952E2BB90B}.Debug|Any CPU.Build.0 = Debug|Any CPU
		{F0FE6D03-726F-4EB1-9E5D-C7952E2BB90B}.Release|Any CPU.ActiveCfg = Release|Any CPU
		{F0FE6D03-726F-4EB1-9E5D-C7952E2BB90B}.Release|Any CPU.Build.0 = Release|Any CPU
		{A546C467-4838-454C-BC5F-2CFAD36333E1}.Debug|Any CPU.ActiveCfg = Debug|Any CPU
		{A546C467-4838-454C-BC5F-2CFAD36333E1}.Debug|Any CPU.Build.0 = Debug|Any CPU
		{A546C467-4838-454C-BC5F-2CFAD36333E1}.Release|Any CPU.ActiveCfg = Release|Any CPU
		{A546C467-4838-454C-BC5F-2CFAD36333E1}.Release|Any CPU.Build.0 = Release|Any CPU
		{85946DDE-5F58-4649-9082-8F612026576A}.Debug|Any CPU.ActiveCfg = Debug|Any CPU
		{85946DDE-5F58-4649-9082-8F612026576A}.Debug|Any CPU.Build.0 = Debug|Any CPU
		{85946DDE-5F58-4649-9082-8F612026576A}.Release|Any CPU.ActiveCfg = Release|Any CPU
		{85946DDE-5F58-4649-9082-8F612026576A}.Release|Any CPU.Build.0 = Release|Any CPU
		{0C205B45-D0CC-4454-96CA-0FF26764EBE7}.Debug|Any CPU.ActiveCfg = Debug|Any CPU
		{0C205B45-D0CC-4454-96CA-0FF26764EBE7}.Debug|Any CPU.Build.0 = Debug|Any CPU
		{0C205B45-D0CC-4454-96CA-0FF26764EBE7}.Release|Any CPU.ActiveCfg = Release|Any CPU
		{0C205B45-D0CC-4454-96CA-0FF26764EBE7}.Release|Any CPU.Build.0 = Release|Any CPU
		{735B0C02-BFEF-4E0C-B0FB-8C06D5B57DBD}.Debug|Any CPU.ActiveCfg = Debug|Any CPU
		{735B0C02-BFEF-4E0C-B0FB-8C06D5B57DBD}.Debug|Any CPU.Build.0 = Debug|Any CPU
		{735B0C02-BFEF-4E0C-B0FB-8C06D5B57DBD}.Release|Any CPU.ActiveCfg = Release|Any CPU
		{735B0C02-BFEF-4E0C-B0FB-8C06D5B57DBD}.Release|Any CPU.Build.0 = Release|Any CPU
	EndGlobalSection
	GlobalSection(SolutionProperties) = preSolution
		HideSolutionNode = FALSE
	EndGlobalSection
	GlobalSection(ExtensibilityGlobals) = postSolution
		SolutionGuid = {98D49D88-D239-4EA3-9D32-1392D7A8E17D}
	EndGlobalSection
EndGlobal
