
Microsoft Visual Studio Solution File, Format Version 12.00
# Visual Studio Version 17
VisualStudioVersion = 17.4.33110.190
MinimumVisualStudioVersion = 10.0.40219.1
Project("{FAE04EC0-301F-11D3-BF4B-00C04F79EFBC}") = "UploadLayerFunction", "UploadLayerFunction\UploadLayerFunction.csproj", "{406F4F7A-1EE9-4E5F-B549-B62A2B3D521D}"
EndProject
Global
	GlobalSection(SolutionConfigurationPlatforms) = preSolution
		Debug|Any CPU = Debug|Any CPU
		Release|Any CPU = Release|Any CPU
	EndGlobalSection
	GlobalSection(ProjectConfigurationPlatforms) = postSolution
		{406F4F7A-1EE9-4E5F-B549-B62A2B3D521D}.Debug|Any CPU.ActiveCfg = Debug|Any CPU
		{406F4F7A-1EE9-4E5F-B549-B62A2B3D521D}.Debug|Any CPU.Build.0 = Debug|Any CPU
		{406F4F7A-1EE9-4E5F-B549-B62A2B3D521D}.Release|Any CPU.ActiveCfg = Release|Any CPU
		{406F4F7A-1EE9-4E5F-B549-B62A2B3D521D}.Release|Any CPU.Build.0 = Release|Any CPU
	EndGlobalSection
	GlobalSection(SolutionProperties) = preSolution
		HideSolutionNode = FALSE
	EndGlobalSection
	GlobalSection(ExtensibilityGlobals) = postSolution
		SolutionGuid = {F31E43FC-77FB-488D-B4EC-7CC2A486074B}
	EndGlobalSection
EndGlobal
